
Microsoft Visual Studio Solution File, Format Version 12.00
# Visual Studio 15
VisualStudioVersion = 15.0.26430.13
MinimumVisualStudioVersion = 10.0.40219.1
Project("{FAE04EC0-301F-11D3-BF4B-00C04F79EFBC}") = "01.ActionPrint", "01.ActionPrint\01.ActionPrint.csproj", "{FF79D24B-557F-44DE-A088-DB69286850A2}"
EndProject
Project("{FAE04EC0-301F-11D3-BF4B-00C04F79EFBC}") = "02.KnightsOfHonor", "02.KnightsOfHonor\02.KnightsOfHonor.csproj", "{BAF77E1D-04C4-4C04-9231-BDB3A03C14AF}"
EndProject
Project("{FAE04EC0-301F-11D3-BF4B-00C04F79EFBC}") = "03.CustomMinFunction", "03.CustomMinFunction\03.CustomMinFunction.csproj", "{620E72B2-924B-40E0-B3ED-1597C334A58F}"
EndProject
Project("{FAE04EC0-301F-11D3-BF4B-00C04F79EFBC}") = "04.FindEvensOrOdds", "04.FindEvensOrOdds\04.FindEvensOrOdds.csproj", "{316CF742-FA5F-4D09-8DAA-5ABED7C9CC99}"
EndProject
Project("{FAE04EC0-301F-11D3-BF4B-00C04F79EFBC}") = "05.AppliedArithmetics", "05.AppliedArithmetics\05.AppliedArithmetics.csproj", "{E3431B45-4BCA-4CBD-86DB-3A8369592C40}"
EndProject
Project("{FAE04EC0-301F-11D3-BF4B-00C04F79EFBC}") = "06.ReverseAndExclude", "06.ReverseAndExclude\06.ReverseAndExclude.csproj", "{D668F350-89AC-4237-B22F-798FB101BB02}"
EndProject
Project("{FAE04EC0-301F-11D3-BF4B-00C04F79EFBC}") = "07.PredicateForNames", "07.PredicateForNames\07.PredicateForNames.csproj", "{ED27F8C3-0109-4E1E-8EF4-81633CAF12C1}"
EndProject
Project("{FAE04EC0-301F-11D3-BF4B-00C04F79EFBC}") = "08.CustomComparator", "08.CustomComparator\08.CustomComparator.csproj", "{4302F855-82CE-4A4D-9462-A86CEBDFF74C}"
EndProject
Global
	GlobalSection(SolutionConfigurationPlatforms) = preSolution
		Debug|Any CPU = Debug|Any CPU
		Release|Any CPU = Release|Any CPU
	EndGlobalSection
	GlobalSection(ProjectConfigurationPlatforms) = postSolution
		{FF79D24B-557F-44DE-A088-DB69286850A2}.Debug|Any CPU.ActiveCfg = Debug|Any CPU
		{FF79D24B-557F-44DE-A088-DB69286850A2}.Debug|Any CPU.Build.0 = Debug|Any CPU
		{FF79D24B-557F-44DE-A088-DB69286850A2}.Release|Any CPU.ActiveCfg = Release|Any CPU
		{FF79D24B-557F-44DE-A088-DB69286850A2}.Release|Any CPU.Build.0 = Release|Any CPU
		{BAF77E1D-04C4-4C04-9231-BDB3A03C14AF}.Debug|Any CPU.ActiveCfg = Debug|Any CPU
		{BAF77E1D-04C4-4C04-9231-BDB3A03C14AF}.Debug|Any CPU.Build.0 = Debug|Any CPU
		{BAF77E1D-04C4-4C04-9231-BDB3A03C14AF}.Release|Any CPU.ActiveCfg = Release|Any CPU
		{BAF77E1D-04C4-4C04-9231-BDB3A03C14AF}.Release|Any CPU.Build.0 = Release|Any CPU
		{620E72B2-924B-40E0-B3ED-1597C334A58F}.Debug|Any CPU.ActiveCfg = Debug|Any CPU
		{620E72B2-924B-40E0-B3ED-1597C334A58F}.Debug|Any CPU.Build.0 = Debug|Any CPU
		{620E72B2-924B-40E0-B3ED-1597C334A58F}.Release|Any CPU.ActiveCfg = Release|Any CPU
		{620E72B2-924B-40E0-B3ED-1597C334A58F}.Release|Any CPU.Build.0 = Release|Any CPU
		{316CF742-FA5F-4D09-8DAA-5ABED7C9CC99}.Debug|Any CPU.ActiveCfg = Debug|Any CPU
		{316CF742-FA5F-4D09-8DAA-5ABED7C9CC99}.Debug|Any CPU.Build.0 = Debug|Any CPU
		{316CF742-FA5F-4D09-8DAA-5ABED7C9CC99}.Release|Any CPU.ActiveCfg = Release|Any CPU
		{316CF742-FA5F-4D09-8DAA-5ABED7C9CC99}.Release|Any CPU.Build.0 = Release|Any CPU
		{E3431B45-4BCA-4CBD-86DB-3A8369592C40}.Debug|Any CPU.ActiveCfg = Debug|Any CPU
		{E3431B45-4BCA-4CBD-86DB-3A8369592C40}.Debug|Any CPU.Build.0 = Debug|Any CPU
		{E3431B45-4BCA-4CBD-86DB-3A8369592C40}.Release|Any CPU.ActiveCfg = Release|Any CPU
		{E3431B45-4BCA-4CBD-86DB-3A8369592C40}.Release|Any CPU.Build.0 = Release|Any CPU
		{D668F350-89AC-4237-B22F-798FB101BB02}.Debug|Any CPU.ActiveCfg = Debug|Any CPU
		{D668F350-89AC-4237-B22F-798FB101BB02}.Debug|Any CPU.Build.0 = Debug|Any CPU
		{D668F350-89AC-4237-B22F-798FB101BB02}.Release|Any CPU.ActiveCfg = Release|Any CPU
		{D668F350-89AC-4237-B22F-798FB101BB02}.Release|Any CPU.Build.0 = Release|Any CPU
		{ED27F8C3-0109-4E1E-8EF4-81633CAF12C1}.Debug|Any CPU.ActiveCfg = Debug|Any CPU
		{ED27F8C3-0109-4E1E-8EF4-81633CAF12C1}.Debug|Any CPU.Build.0 = Debug|Any CPU
		{ED27F8C3-0109-4E1E-8EF4-81633CAF12C1}.Release|Any CPU.ActiveCfg = Release|Any CPU
		{ED27F8C3-0109-4E1E-8EF4-81633CAF12C1}.Release|Any CPU.Build.0 = Release|Any CPU
		{4302F855-82CE-4A4D-9462-A86CEBDFF74C}.Debug|Any CPU.ActiveCfg = Debug|Any CPU
		{4302F855-82CE-4A4D-9462-A86CEBDFF74C}.Debug|Any CPU.Build.0 = Debug|Any CPU
		{4302F855-82CE-4A4D-9462-A86CEBDFF74C}.Release|Any CPU.ActiveCfg = Release|Any CPU
		{4302F855-82CE-4A4D-9462-A86CEBDFF74C}.Release|Any CPU.Build.0 = Release|Any CPU
	EndGlobalSection
	GlobalSection(SolutionProperties) = preSolution
		HideSolutionNode = FALSE
	EndGlobalSection
EndGlobal
